
Microsoft Visual Studio Solution File, Format Version 12.00
# Visual Studio Version 17
VisualStudioVersion = 17.1.32421.90
MinimumVisualStudioVersion = 10.0.40219.1
Project("{FAE04EC0-301F-11D3-BF4B-00C04F79EFBC}") = "OkFruitTestServer", "OkFruitTestServer\OkFruitTestServer.csproj", "{93A401A9-F5AC-422F-8765-52842E23D6F4}"
EndProject
Project("{FAE04EC0-301F-11D3-BF4B-00C04F79EFBC}") = "Core", "Core\Core.csproj", "{74E1A9EB-FA95-429A-9EE6-73EEB83A1A96}"
EndProject
Project("{FAE04EC0-301F-11D3-BF4B-00C04F79EFBC}") = "Infractructure", "Infractructure\Infractructure.csproj", "{8B529DEC-4049-4786-B02B-805C5EA2F859}"
EndProject
Global
	GlobalSection(SolutionConfigurationPlatforms) = preSolution
		Debug|Any CPU = Debug|Any CPU
		Release|Any CPU = Release|Any CPU
	EndGlobalSection
	GlobalSection(ProjectConfigurationPlatforms) = postSolution
		{93A401A9-F5AC-422F-8765-52842E23D6F4}.Debug|Any CPU.ActiveCfg = Debug|Any CPU
		{93A401A9-F5AC-422F-8765-52842E23D6F4}.Debug|Any CPU.Build.0 = Debug|Any CPU
		{93A401A9-F5AC-422F-8765-52842E23D6F4}.Release|Any CPU.ActiveCfg = Release|Any CPU
		{93A401A9-F5AC-422F-8765-52842E23D6F4}.Release|Any CPU.Build.0 = Release|Any CPU
		{74E1A9EB-FA95-429A-9EE6-73EEB83A1A96}.Debug|Any CPU.ActiveCfg = Debug|Any CPU
		{74E1A9EB-FA95-429A-9EE6-73EEB83A1A96}.Debug|Any CPU.Build.0 = Debug|Any CPU
		{74E1A9EB-FA95-429A-9EE6-73EEB83A1A96}.Release|Any CPU.ActiveCfg = Release|Any CPU
		{74E1A9EB-FA95-429A-9EE6-73EEB83A1A96}.Release|Any CPU.Build.0 = Release|Any CPU
		{8B529DEC-4049-4786-B02B-805C5EA2F859}.Debug|Any CPU.ActiveCfg = Debug|Any CPU
		{8B529DEC-4049-4786-B02B-805C5EA2F859}.Debug|Any CPU.Build.0 = Debug|Any CPU
		{8B529DEC-4049-4786-B02B-805C5EA2F859}.Release|Any CPU.ActiveCfg = Release|Any CPU
		{8B529DEC-4049-4786-B02B-805C5EA2F859}.Release|Any CPU.Build.0 = Release|Any CPU
	EndGlobalSection
	GlobalSection(SolutionProperties) = preSolution
		HideSolutionNode = FALSE
	EndGlobalSection
	GlobalSection(ExtensibilityGlobals) = postSolution
		SolutionGuid = {CB9FAD76-8C7E-4D13-B049-8142975014EF}
	EndGlobalSection
EndGlobal
